
Microsoft Visual Studio Solution File, Format Version 12.00
# Visual Studio Version 17
VisualStudioVersion = 17.4.33205.214
MinimumVisualStudioVersion = 10.0.40219.1
Project("{2150E333-8FDC-42A3-9474-1A3956D46DE8}") = "Src", "Src", "{60893EB8-B847-4C6A-9C46-14859DD903AA}"
EndProject
Project("{2150E333-8FDC-42A3-9474-1A3956D46DE8}") = "Core", "Core", "{D8AB73E2-6BEA-4688-A9DE-91DFFDEAE7A0}"
EndProject
Project("{2150E333-8FDC-42A3-9474-1A3956D46DE8}") = "Infrastructure", "Infrastructure", "{E5ACA3D2-7085-4177-92B9-A1D457A9A69F}"
EndProject
Project("{2150E333-8FDC-42A3-9474-1A3956D46DE8}") = "Presentation", "Presentation", "{1258AA37-8D4D-480C-AD31-E815C296DC50}"
EndProject
Project("{9A19103F-16F7-4668-BE54-9A1E7A4F7556}") = "LMS.Business", "LMS.Business\LMS.Business.csproj", "{DF817A3B-A751-4615-B458-8FB63E4CEAAB}"
EndProject
Project("{9A19103F-16F7-4668-BE54-9A1E7A4F7556}") = "LMS.Domain", "LMS.Domain\LMS.Domain.csproj", "{AE24DCBF-4837-4219-9BB1-17AA72A096EA}"
EndProject
Project("{9A19103F-16F7-4668-BE54-9A1E7A4F7556}") = "LMS.Persistence", "LMS.Persistence\LMS.Persistence.csproj", "{ED1F09D4-8779-49A6-87BA-966BD3E687C1}"
EndProject
Project("{9A19103F-16F7-4668-BE54-9A1E7A4F7556}") = "LMS.External", "LMS.External\LMS.External.csproj", "{AF5997EF-EC16-4487-8640-A5257CB9C28B}"
EndProject
Project("{9A19103F-16F7-4668-BE54-9A1E7A4F7556}") = "LMS.Web", "LMS.Web\LMS.Web.csproj", "{B78BC67F-3CE3-459D-B9E2-48587D31B5B7}"
EndProject
Global
	GlobalSection(SolutionConfigurationPlatforms) = preSolution
		Debug|Any CPU = Debug|Any CPU
		Release|Any CPU = Release|Any CPU
	EndGlobalSection
	GlobalSection(ProjectConfigurationPlatforms) = postSolution
		{DF817A3B-A751-4615-B458-8FB63E4CEAAB}.Debug|Any CPU.ActiveCfg = Debug|Any CPU
		{DF817A3B-A751-4615-B458-8FB63E4CEAAB}.Debug|Any CPU.Build.0 = Debug|Any CPU
		{DF817A3B-A751-4615-B458-8FB63E4CEAAB}.Release|Any CPU.ActiveCfg = Release|Any CPU
		{DF817A3B-A751-4615-B458-8FB63E4CEAAB}.Release|Any CPU.Build.0 = Release|Any CPU
		{AE24DCBF-4837-4219-9BB1-17AA72A096EA}.Debug|Any CPU.ActiveCfg = Debug|Any CPU
		{AE24DCBF-4837-4219-9BB1-17AA72A096EA}.Debug|Any CPU.Build.0 = Debug|Any CPU
		{AE24DCBF-4837-4219-9BB1-17AA72A096EA}.Release|Any CPU.ActiveCfg = Release|Any CPU
		{AE24DCBF-4837-4219-9BB1-17AA72A096EA}.Release|Any CPU.Build.0 = Release|Any CPU
		{ED1F09D4-8779-49A6-87BA-966BD3E687C1}.Debug|Any CPU.ActiveCfg = Debug|Any CPU
		{ED1F09D4-8779-49A6-87BA-966BD3E687C1}.Debug|Any CPU.Build.0 = Debug|Any CPU
		{ED1F09D4-8779-49A6-87BA-966BD3E687C1}.Release|Any CPU.ActiveCfg = Release|Any CPU
		{ED1F09D4-8779-49A6-87BA-966BD3E687C1}.Release|Any CPU.Build.0 = Release|Any CPU
		{AF5997EF-EC16-4487-8640-A5257CB9C28B}.Debug|Any CPU.ActiveCfg = Debug|Any CPU
		{AF5997EF-EC16-4487-8640-A5257CB9C28B}.Debug|Any CPU.Build.0 = Debug|Any CPU
		{AF5997EF-EC16-4487-8640-A5257CB9C28B}.Release|Any CPU.ActiveCfg = Release|Any CPU
		{AF5997EF-EC16-4487-8640-A5257CB9C28B}.Release|Any CPU.Build.0 = Release|Any CPU
		{B78BC67F-3CE3-459D-B9E2-48587D31B5B7}.Debug|Any CPU.ActiveCfg = Debug|Any CPU
		{B78BC67F-3CE3-459D-B9E2-48587D31B5B7}.Debug|Any CPU.Build.0 = Debug|Any CPU
		{B78BC67F-3CE3-459D-B9E2-48587D31B5B7}.Release|Any CPU.ActiveCfg = Release|Any CPU
		{B78BC67F-3CE3-459D-B9E2-48587D31B5B7}.Release|Any CPU.Build.0 = Release|Any CPU
	EndGlobalSection
	GlobalSection(SolutionProperties) = preSolution
		HideSolutionNode = FALSE
	EndGlobalSection
	GlobalSection(NestedProjects) = preSolution
		{D8AB73E2-6BEA-4688-A9DE-91DFFDEAE7A0} = {60893EB8-B847-4C6A-9C46-14859DD903AA}
		{E5ACA3D2-7085-4177-92B9-A1D457A9A69F} = {60893EB8-B847-4C6A-9C46-14859DD903AA}
		{1258AA37-8D4D-480C-AD31-E815C296DC50} = {60893EB8-B847-4C6A-9C46-14859DD903AA}
		{DF817A3B-A751-4615-B458-8FB63E4CEAAB} = {D8AB73E2-6BEA-4688-A9DE-91DFFDEAE7A0}
		{AE24DCBF-4837-4219-9BB1-17AA72A096EA} = {D8AB73E2-6BEA-4688-A9DE-91DFFDEAE7A0}
		{ED1F09D4-8779-49A6-87BA-966BD3E687C1} = {E5ACA3D2-7085-4177-92B9-A1D457A9A69F}
		{AF5997EF-EC16-4487-8640-A5257CB9C28B} = {E5ACA3D2-7085-4177-92B9-A1D457A9A69F}
		{B78BC67F-3CE3-459D-B9E2-48587D31B5B7} = {1258AA37-8D4D-480C-AD31-E815C296DC50}
	EndGlobalSection
	GlobalSection(ExtensibilityGlobals) = postSolution
		SolutionGuid = {5E19D75C-DBDF-402C-8696-2847E63C6D34}
	EndGlobalSection
EndGlobal
